
Microsoft Visual Studio Solution File, Format Version 12.00
# Visual Studio 15
Project("{FAE04EC0-301F-11D3-BF4B-00C04F79EFBC}") = "UnityEngine.UI", "UnityEngine.UI.csproj", "{E447FC74-E48E-10F3-80FB-A6F313CB9A75}"
EndProject
Project("{FAE04EC0-301F-11D3-BF4B-00C04F79EFBC}") = "UnityEngine.TestRunner", "UnityEngine.TestRunner.csproj", "{D15C8439-F82A-1225-FA82-A2AA3814CB9F}"
EndProject
Project("{FAE04EC0-301F-11D3-BF4B-00C04F79EFBC}") = "Unity.Mathematics", "Unity.Mathematics.csproj", "{3ECB9757-B442-6747-06CF-F6BBA08D2568}"
EndProject
Project("{FAE04EC0-301F-11D3-BF4B-00C04F79EFBC}") = "Unity.2D.Animation.Triangle.Runtime", "Unity.2D.Animation.Triangle.Runtime.csproj", "{B9063A43-94F2-F3DD-8BC5-01B5C4104FAB}"
EndProject
Project("{FAE04EC0-301F-11D3-BF4B-00C04F79EFBC}") = "Unity.Timeline", "Unity.Timeline.csproj", "{23E4A71F-407D-DDC6-2D4D-B635436FC8C8}"
EndProject
Project("{FAE04EC0-301F-11D3-BF4B-00C04F79EFBC}") = "Unity.TextMeshPro", "Unity.TextMeshPro.csproj", "{A8F9C864-2734-F901-2AE9-491A9F73BD7D}"
EndProject
Project("{FAE04EC0-301F-11D3-BF4B-00C04F79EFBC}") = "Unity.2D.Animation.Runtime", "Unity.2D.Animation.Runtime.csproj", "{790DCB0C-0087-1B98-6D50-2DA5AFD65D3A}"
EndProject
Project("{FAE04EC0-301F-11D3-BF4B-00C04F79EFBC}") = "Unity.2D.IK.Runtime", "Unity.2D.IK.Runtime.csproj", "{FDE6A3E7-547C-9F6B-451A-5A109932E8ED}"
EndProject
Project("{FAE04EC0-301F-11D3-BF4B-00C04F79EFBC}") = "Unity.2D.SpriteShape.Runtime", "Unity.2D.SpriteShape.Runtime.csproj", "{11C19764-FE24-C7B8-647A-70EBB9198E41}"
EndProject
Project("{FAE04EC0-301F-11D3-BF4B-00C04F79EFBC}") = "Unity.2D.PixelPerfect", "Unity.2D.PixelPerfect.csproj", "{C3D22428-95FF-6E0C-5564-306B61048DD0}"
EndProject
Project("{FAE04EC0-301F-11D3-BF4B-00C04F79EFBC}") = "Assembly-CSharp", "Assembly-CSharp.csproj", "{8E15CE72-86A6-4F8A-8B0E-61D9F4D2ECD1}"
EndProject
Project("{FAE04EC0-301F-11D3-BF4B-00C04F79EFBC}") = "Unity.2D.Common.Runtime", "Unity.2D.Common.Runtime.csproj", "{42292372-DD99-B5BE-F049-E42683AD7BA6}"
EndProject
Project("{FAE04EC0-301F-11D3-BF4B-00C04F79EFBC}") = "Unity.InternalAPIEngineBridge.001", "Unity.InternalAPIEngineBridge.001.csproj", "{2A8F8B28-4077-779A-CEF7-CE8470376DA8}"
EndProject
Project("{FAE04EC0-301F-11D3-BF4B-00C04F79EFBC}") = "UnityEditor.TestRunner", "UnityEditor.TestRunner.csproj", "{03A1D245-7C5A-9E36-BA61-4B742E085E19}"
EndProject
Project("{FAE04EC0-301F-11D3-BF4B-00C04F79EFBC}") = "Unity.PlasticSCM.Editor", "Unity.PlasticSCM.Editor.csproj", "{45FE5AB1-7C53-53EF-951E-3AE72EAFE626}"
EndProject
Project("{FAE04EC0-301F-11D3-BF4B-00C04F79EFBC}") = "UnityEditor.UI", "UnityEditor.UI.csproj", "{401D1450-A28B-99FD-AC69-254753B35E5E}"
EndProject
Project("{FAE04EC0-301F-11D3-BF4B-00C04F79EFBC}") = "Unity.Services.Core.Editor", "Unity.Services.Core.Editor.csproj", "{C435E828-E19E-7894-912E-D076731BFA17}"
EndProject
Project("{FAE04EC0-301F-11D3-BF4B-00C04F79EFBC}") = "Unity.Timeline.Editor", "Unity.Timeline.Editor.csproj", "{22A109FC-369C-8F78-B781-C327BF9EA417}"
EndProject
Project("{FAE04EC0-301F-11D3-BF4B-00C04F79EFBC}") = "Unity.VisualStudio.Editor", "Unity.VisualStudio.Editor.csproj", "{3721E84C-5F22-C4B6-B371-6167828438A6}"
EndProject
Project("{FAE04EC0-301F-11D3-BF4B-00C04F79EFBC}") = "Unity.2D.Psdimporter.Editor", "Unity.2D.Psdimporter.Editor.csproj", "{87F811E6-FF79-EC97-A2BA-CBDB87B6ED7E}"
EndProject
Project("{FAE04EC0-301F-11D3-BF4B-00C04F79EFBC}") = "Unity.2D.Animation.Editor", "Unity.2D.Animation.Editor.csproj", "{48DAB0D7-9F52-58D5-1581-5FCAB4C9C1F4}"
EndProject
Project("{FAE04EC0-301F-11D3-BF4B-00C04F79EFBC}") = "Unity.TextMeshPro.Editor", "Unity.TextMeshPro.Editor.csproj", "{38A29992-7B8E-2756-910B-2F4C8D406028}"
EndProject
Project("{FAE04EC0-301F-11D3-BF4B-00C04F79EFBC}") = "Unity.2D.SpriteShape.Editor", "Unity.2D.SpriteShape.Editor.csproj", "{7D6F112F-4082-79E8-F138-240184240066}"
EndProject
Project("{FAE04EC0-301F-11D3-BF4B-00C04F79EFBC}") = "Unity.CollabProxy.Editor", "Unity.CollabProxy.Editor.csproj", "{941ACE7D-8F1A-9D21-D55E-D0A905A03CC9}"
EndProject
Project("{FAE04EC0-301F-11D3-BF4B-00C04F79EFBC}") = "PsdPlugin", "PsdPlugin.csproj", "{BA4FA040-D9FC-11E5-5997-42F9E9F50251}"
EndProject
Project("{FAE04EC0-301F-11D3-BF4B-00C04F79EFBC}") = "Unity.2D.Path.Editor", "Unity.2D.Path.Editor.csproj", "{DB912E86-3480-8464-70CE-C7F97B94F99B}"
EndProject
Project("{FAE04EC0-301F-11D3-BF4B-00C04F79EFBC}") = "Unity.Rider.Editor", "Unity.Rider.Editor.csproj", "{A45440FF-1AF9-2A7D-5B78-7A05826B276A}"
EndProject
Project("{FAE04EC0-301F-11D3-BF4B-00C04F79EFBC}") = "Unity.2D.IK.Editor", "Unity.2D.IK.Editor.csproj", "{32BB5B22-0BA6-FEA5-CD8C-8FFE1D648D72}"
EndProject
Project("{FAE04EC0-301F-11D3-BF4B-00C04F79EFBC}") = "Unity.2D.Sprite.Editor", "Unity.2D.Sprite.Editor.csproj", "{13403A1C-13A2-F673-F9EC-E1739A6000E3}"
EndProject
Project("{FAE04EC0-301F-11D3-BF4B-00C04F79EFBC}") = "Unity.2D.Tilemap.Editor", "Unity.2D.Tilemap.Editor.csproj", "{54EE0DA8-83AD-EE5F-A234-118DF3F27E3D}"
EndProject
Project("{FAE04EC0-301F-11D3-BF4B-00C04F79EFBC}") = "Unity.2D.PixelPerfect.Editor", "Unity.2D.PixelPerfect.Editor.csproj", "{3F629AC5-E0C6-CECA-0878-BFD9C4E7DC01}"
EndProject
Project("{FAE04EC0-301F-11D3-BF4B-00C04F79EFBC}") = "Unity.VSCode.Editor", "Unity.VSCode.Editor.csproj", "{73D1E9D7-016A-162A-84E1-98EDE841A848}"
EndProject
Project("{FAE04EC0-301F-11D3-BF4B-00C04F79EFBC}") = "Unity.2D.Common.Editor", "Unity.2D.Common.Editor.csproj", "{5B744728-A65E-DA03-3763-E7A684C5E5FA}"
EndProject
Project("{FAE04EC0-301F-11D3-BF4B-00C04F79EFBC}") = "Unity.Mathematics.Editor", "Unity.Mathematics.Editor.csproj", "{D0089CDD-E479-22B2-0128-D7C4951016BD}"
EndProject
Project("{FAE04EC0-301F-11D3-BF4B-00C04F79EFBC}") = "Unity.InternalAPIEditorBridge.001", "Unity.InternalAPIEditorBridge.001.csproj", "{1018E759-65F5-D55F-82F9-EE4EB42EEE92}"
EndProject
Project("{FAE04EC0-301F-11D3-BF4B-00C04F79EFBC}") = "UnityEngine.UI", "UnityEngine.UI.Player.csproj", "{9C551A28-ECA0-958F-7E72-8AE0E94A5ED4}"
EndProject
Project("{FAE04EC0-301F-11D3-BF4B-00C04F79EFBC}") = "UnityEngine.TestRunner", "UnityEngine.TestRunner.Player.csproj", "{5370FD8D-FB0F-A828-80BC-7AEBDD7FCCE3}"
EndProject
Project("{FAE04EC0-301F-11D3-BF4B-00C04F79EFBC}") = "Unity.Mathematics", "Unity.Mathematics.Player.csproj", "{7ABF7119-6866-4458-5E74-6E5A4213676A}"
EndProject
Project("{FAE04EC0-301F-11D3-BF4B-00C04F79EFBC}") = "Unity.2D.Animation.Triangle.Runtime", "Unity.2D.Animation.Triangle.Runtime.Player.csproj", "{0C6D1E95-8DBC-5621-F0D0-88D6F8E027F5}"
EndProject
Project("{FAE04EC0-301F-11D3-BF4B-00C04F79EFBC}") = "Unity.Timeline", "Unity.Timeline.Player.csproj", "{BC7E6E36-1013-EED0-17F8-261F04EBFD53}"
EndProject
Project("{FAE04EC0-301F-11D3-BF4B-00C04F79EFBC}") = "Unity.TextMeshPro", "Unity.TextMeshPro.Player.csproj", "{E832230B-FE64-2999-DE2C-5FC28CA16095}"
EndProject
Project("{FAE04EC0-301F-11D3-BF4B-00C04F79EFBC}") = "Unity.2D.Animation.Runtime", "Unity.2D.Animation.Runtime.Player.csproj", "{6830CABE-7DF2-4D35-3594-62820B6F8CDD}"
EndProject
Project("{FAE04EC0-301F-11D3-BF4B-00C04F79EFBC}") = "Unity.2D.IK.Runtime", "Unity.2D.IK.Runtime.Player.csproj", "{15F07A0A-B3B1-B3D7-1815-B2317900D96B}"
EndProject
Project("{FAE04EC0-301F-11D3-BF4B-00C04F79EFBC}") = "Unity.2D.SpriteShape.Runtime", "Unity.2D.SpriteShape.Runtime.Player.csproj", "{D58C4B6D-857B-3739-DA58-7BBD1BD6CCCC}"
EndProject
Project("{FAE04EC0-301F-11D3-BF4B-00C04F79EFBC}") = "Unity.2D.PixelPerfect", "Unity.2D.PixelPerfect.Player.csproj", "{30CC773C-92EC-34F3-84EF-482A772BE4BB}"
EndProject
Project("{FAE04EC0-301F-11D3-BF4B-00C04F79EFBC}") = "Assembly-CSharp", "Assembly-CSharp.Player.csproj", "{047E3C26-3BD7-3FE5-BF8E-83405CC175DC}"
EndProject
Project("{FAE04EC0-301F-11D3-BF4B-00C04F79EFBC}") = "Unity.2D.Common.Runtime", "Unity.2D.Common.Runtime.Player.csproj", "{F0FBAFA0-402B-3D0D-C126-F9DCC8E54A5D}"
EndProject
Project("{FAE04EC0-301F-11D3-BF4B-00C04F79EFBC}") = "Unity.InternalAPIEngineBridge.001", "Unity.InternalAPIEngineBridge.001.Player.csproj", "{EB732A8D-6D8B-0F77-1D92-EB2E32C03750}"
EndProject
Global
	GlobalSection(SolutionConfigurationPlatforms) = preSolution
		Debug|Any CPU = Debug|Any CPU
		Release|Any CPU = Release|Any CPU
	EndGlobalSection
	GlobalSection(ProjectConfigurationPlatforms) = postSolution
		{E447FC74-E48E-10F3-80FB-A6F313CB9A75}.Debug|Any CPU.ActiveCfg = Debug|Any CPU
		{E447FC74-E48E-10F3-80FB-A6F313CB9A75}.Debug|Any CPU.Build.0 = Debug|Any CPU
		{E447FC74-E48E-10F3-80FB-A6F313CB9A75}.Release|Any CPU.ActiveCfg = Release|Any CPU
		{E447FC74-E48E-10F3-80FB-A6F313CB9A75}.Release|Any CPU.Build.0 = Release|Any CPU
		{D15C8439-F82A-1225-FA82-A2AA3814CB9F}.Debug|Any CPU.ActiveCfg = Debug|Any CPU
		{D15C8439-F82A-1225-FA82-A2AA3814CB9F}.Debug|Any CPU.Build.0 = Debug|Any CPU
		{D15C8439-F82A-1225-FA82-A2AA3814CB9F}.Release|Any CPU.ActiveCfg = Release|Any CPU
		{D15C8439-F82A-1225-FA82-A2AA3814CB9F}.Release|Any CPU.Build.0 = Release|Any CPU
		{3ECB9757-B442-6747-06CF-F6BBA08D2568}.Debug|Any CPU.ActiveCfg = Debug|Any CPU
		{3ECB9757-B442-6747-06CF-F6BBA08D2568}.Debug|Any CPU.Build.0 = Debug|Any CPU
		{3ECB9757-B442-6747-06CF-F6BBA08D2568}.Release|Any CPU.ActiveCfg = Release|Any CPU
		{3ECB9757-B442-6747-06CF-F6BBA08D2568}.Release|Any CPU.Build.0 = Release|Any CPU
		{B9063A43-94F2-F3DD-8BC5-01B5C4104FAB}.Debug|Any CPU.ActiveCfg = Debug|Any CPU
		{B9063A43-94F2-F3DD-8BC5-01B5C4104FAB}.Debug|Any CPU.Build.0 = Debug|Any CPU
		{B9063A43-94F2-F3DD-8BC5-01B5C4104FAB}.Release|Any CPU.ActiveCfg = Release|Any CPU
		{B9063A43-94F2-F3DD-8BC5-01B5C4104FAB}.Release|Any CPU.Build.0 = Release|Any CPU
		{23E4A71F-407D-DDC6-2D4D-B635436FC8C8}.Debug|Any CPU.ActiveCfg = Debug|Any CPU
		{23E4A71F-407D-DDC6-2D4D-B635436FC8C8}.Debug|Any CPU.Build.0 = Debug|Any CPU
		{23E4A71F-407D-DDC6-2D4D-B635436FC8C8}.Release|Any CPU.ActiveCfg = Release|Any CPU
		{23E4A71F-407D-DDC6-2D4D-B635436FC8C8}.Release|Any CPU.Build.0 = Release|Any CPU
		{A8F9C864-2734-F901-2AE9-491A9F73BD7D}.Debug|Any CPU.ActiveCfg = Debug|Any CPU
		{A8F9C864-2734-F901-2AE9-491A9F73BD7D}.Debug|Any CPU.Build.0 = Debug|Any CPU
		{A8F9C864-2734-F901-2AE9-491A9F73BD7D}.Release|Any CPU.ActiveCfg = Release|Any CPU
		{A8F9C864-2734-F901-2AE9-491A9F73BD7D}.Release|Any CPU.Build.0 = Release|Any CPU
		{790DCB0C-0087-1B98-6D50-2DA5AFD65D3A}.Debug|Any CPU.ActiveCfg = Debug|Any CPU
		{790DCB0C-0087-1B98-6D50-2DA5AFD65D3A}.Debug|Any CPU.Build.0 = Debug|Any CPU
		{790DCB0C-0087-1B98-6D50-2DA5AFD65D3A}.Release|Any CPU.ActiveCfg = Release|Any CPU
		{790DCB0C-0087-1B98-6D50-2DA5AFD65D3A}.Release|Any CPU.Build.0 = Release|Any CPU
		{FDE6A3E7-547C-9F6B-451A-5A109932E8ED}.Debug|Any CPU.ActiveCfg = Debug|Any CPU
		{FDE6A3E7-547C-9F6B-451A-5A109932E8ED}.Debug|Any CPU.Build.0 = Debug|Any CPU
		{FDE6A3E7-547C-9F6B-451A-5A109932E8ED}.Release|Any CPU.ActiveCfg = Release|Any CPU
		{FDE6A3E7-547C-9F6B-451A-5A109932E8ED}.Release|Any CPU.Build.0 = Release|Any CPU
		{11C19764-FE24-C7B8-647A-70EBB9198E41}.Debug|Any CPU.ActiveCfg = Debug|Any CPU
		{11C19764-FE24-C7B8-647A-70EBB9198E41}.Debug|Any CPU.Build.0 = Debug|Any CPU
		{11C19764-FE24-C7B8-647A-70EBB9198E41}.Release|Any CPU.ActiveCfg = Release|Any CPU
		{11C19764-FE24-C7B8-647A-70EBB9198E41}.Release|Any CPU.Build.0 = Release|Any CPU
		{C3D22428-95FF-6E0C-5564-306B61048DD0}.Debug|Any CPU.ActiveCfg = Debug|Any CPU
		{C3D22428-95FF-6E0C-5564-306B61048DD0}.Debug|Any CPU.Build.0 = Debug|Any CPU
		{C3D22428-95FF-6E0C-5564-306B61048DD0}.Release|Any CPU.ActiveCfg = Release|Any CPU
		{C3D22428-95FF-6E0C-5564-306B61048DD0}.Release|Any CPU.Build.0 = Release|Any CPU
		{8E15CE72-86A6-4F8A-8B0E-61D9F4D2ECD1}.Debug|Any CPU.ActiveCfg = Debug|Any CPU
		{8E15CE72-86A6-4F8A-8B0E-61D9F4D2ECD1}.Debug|Any CPU.Build.0 = Debug|Any CPU
		{8E15CE72-86A6-4F8A-8B0E-61D9F4D2ECD1}.Release|Any CPU.ActiveCfg = Release|Any CPU
		{8E15CE72-86A6-4F8A-8B0E-61D9F4D2ECD1}.Release|Any CPU.Build.0 = Release|Any CPU
		{42292372-DD99-B5BE-F049-E42683AD7BA6}.Debug|Any CPU.ActiveCfg = Debug|Any CPU
		{42292372-DD99-B5BE-F049-E42683AD7BA6}.Debug|Any CPU.Build.0 = Debug|Any CPU
		{42292372-DD99-B5BE-F049-E42683AD7BA6}.Release|Any CPU.ActiveCfg = Release|Any CPU
		{42292372-DD99-B5BE-F049-E42683AD7BA6}.Release|Any CPU.Build.0 = Release|Any CPU
		{2A8F8B28-4077-779A-CEF7-CE8470376DA8}.Debug|Any CPU.ActiveCfg = Debug|Any CPU
		{2A8F8B28-4077-779A-CEF7-CE8470376DA8}.Debug|Any CPU.Build.0 = Debug|Any CPU
		{2A8F8B28-4077-779A-CEF7-CE8470376DA8}.Release|Any CPU.ActiveCfg = Release|Any CPU
		{2A8F8B28-4077-779A-CEF7-CE8470376DA8}.Release|Any CPU.Build.0 = Release|Any CPU
		{03A1D245-7C5A-9E36-BA61-4B742E085E19}.Debug|Any CPU.ActiveCfg = Debug|Any CPU
		{03A1D245-7C5A-9E36-BA61-4B742E085E19}.Debug|Any CPU.Build.0 = Debug|Any CPU
		{03A1D245-7C5A-9E36-BA61-4B742E085E19}.Release|Any CPU.ActiveCfg = Release|Any CPU
		{03A1D245-7C5A-9E36-BA61-4B742E085E19}.Release|Any CPU.Build.0 = Release|Any CPU
		{45FE5AB1-7C53-53EF-951E-3AE72EAFE626}.Debug|Any CPU.ActiveCfg = Debug|Any CPU
		{45FE5AB1-7C53-53EF-951E-3AE72EAFE626}.Debug|Any CPU.Build.0 = Debug|Any CPU
		{45FE5AB1-7C53-53EF-951E-3AE72EAFE626}.Release|Any CPU.ActiveCfg = Release|Any CPU
		{45FE5AB1-7C53-53EF-951E-3AE72EAFE626}.Release|Any CPU.Build.0 = Release|Any CPU
		{401D1450-A28B-99FD-AC69-254753B35E5E}.Debug|Any CPU.ActiveCfg = Debug|Any CPU
		{401D1450-A28B-99FD-AC69-254753B35E5E}.Debug|Any CPU.Build.0 = Debug|Any CPU
		{401D1450-A28B-99FD-AC69-254753B35E5E}.Release|Any CPU.ActiveCfg = Release|Any CPU
		{401D1450-A28B-99FD-AC69-254753B35E5E}.Release|Any CPU.Build.0 = Release|Any CPU
		{C435E828-E19E-7894-912E-D076731BFA17}.Debug|Any CPU.ActiveCfg = Debug|Any CPU
		{C435E828-E19E-7894-912E-D076731BFA17}.Debug|Any CPU.Build.0 = Debug|Any CPU
		{C435E828-E19E-7894-912E-D076731BFA17}.Release|Any CPU.ActiveCfg = Release|Any CPU
		{C435E828-E19E-7894-912E-D076731BFA17}.Release|Any CPU.Build.0 = Release|Any CPU
		{22A109FC-369C-8F78-B781-C327BF9EA417}.Debug|Any CPU.ActiveCfg = Debug|Any CPU
		{22A109FC-369C-8F78-B781-C327BF9EA417}.Debug|Any CPU.Build.0 = Debug|Any CPU
		{22A109FC-369C-8F78-B781-C327BF9EA417}.Release|Any CPU.ActiveCfg = Release|Any CPU
		{22A109FC-369C-8F78-B781-C327BF9EA417}.Release|Any CPU.Build.0 = Release|Any CPU
		{3721E84C-5F22-C4B6-B371-6167828438A6}.Debug|Any CPU.ActiveCfg = Debug|Any CPU
		{3721E84C-5F22-C4B6-B371-6167828438A6}.Debug|Any CPU.Build.0 = Debug|Any CPU
		{3721E84C-5F22-C4B6-B371-6167828438A6}.Release|Any CPU.ActiveCfg = Release|Any CPU
		{3721E84C-5F22-C4B6-B371-6167828438A6}.Release|Any CPU.Build.0 = Release|Any CPU
		{87F811E6-FF79-EC97-A2BA-CBDB87B6ED7E}.Debug|Any CPU.ActiveCfg = Debug|Any CPU
		{87F811E6-FF79-EC97-A2BA-CBDB87B6ED7E}.Debug|Any CPU.Build.0 = Debug|Any CPU
		{87F811E6-FF79-EC97-A2BA-CBDB87B6ED7E}.Release|Any CPU.ActiveCfg = Release|Any CPU
		{87F811E6-FF79-EC97-A2BA-CBDB87B6ED7E}.Release|Any CPU.Build.0 = Release|Any CPU
		{48DAB0D7-9F52-58D5-1581-5FCAB4C9C1F4}.Debug|Any CPU.ActiveCfg = Debug|Any CPU
		{48DAB0D7-9F52-58D5-1581-5FCAB4C9C1F4}.Debug|Any CPU.Build.0 = Debug|Any CPU
		{48DAB0D7-9F52-58D5-1581-5FCAB4C9C1F4}.Release|Any CPU.ActiveCfg = Release|Any CPU
		{48DAB0D7-9F52-58D5-1581-5FCAB4C9C1F4}.Release|Any CPU.Build.0 = Release|Any CPU
		{38A29992-7B8E-2756-910B-2F4C8D406028}.Debug|Any CPU.ActiveCfg = Debug|Any CPU
		{38A29992-7B8E-2756-910B-2F4C8D406028}.Debug|Any CPU.Build.0 = Debug|Any CPU
		{38A29992-7B8E-2756-910B-2F4C8D406028}.Release|Any CPU.ActiveCfg = Release|Any CPU
		{38A29992-7B8E-2756-910B-2F4C8D406028}.Release|Any CPU.Build.0 = Release|Any CPU
		{7D6F112F-4082-79E8-F138-240184240066}.Debug|Any CPU.ActiveCfg = Debug|Any CPU
		{7D6F112F-4082-79E8-F138-240184240066}.Debug|Any CPU.Build.0 = Debug|Any CPU
		{7D6F112F-4082-79E8-F138-240184240066}.Release|Any CPU.ActiveCfg = Release|Any CPU
		{7D6F112F-4082-79E8-F138-240184240066}.Release|Any CPU.Build.0 = Release|Any CPU
		{941ACE7D-8F1A-9D21-D55E-D0A905A03CC9}.Debug|Any CPU.ActiveCfg = Debug|Any CPU
		{941ACE7D-8F1A-9D21-D55E-D0A905A03CC9}.Debug|Any CPU.Build.0 = Debug|Any CPU
		{941ACE7D-8F1A-9D21-D55E-D0A905A03CC9}.Release|Any CPU.ActiveCfg = Release|Any CPU
		{941ACE7D-8F1A-9D21-D55E-D0A905A03CC9}.Release|Any CPU.Build.0 = Release|Any CPU
		{BA4FA040-D9FC-11E5-5997-42F9E9F50251}.Debug|Any CPU.ActiveCfg = Debug|Any CPU
		{BA4FA040-D9FC-11E5-5997-42F9E9F50251}.Debug|Any CPU.Build.0 = Debug|Any CPU
		{BA4FA040-D9FC-11E5-5997-42F9E9F50251}.Release|Any CPU.ActiveCfg = Release|Any CPU
		{BA4FA040-D9FC-11E5-5997-42F9E9F50251}.Release|Any CPU.Build.0 = Release|Any CPU
		{DB912E86-3480-8464-70CE-C7F97B94F99B}.Debug|Any CPU.ActiveCfg = Debug|Any CPU
		{DB912E86-3480-8464-70CE-C7F97B94F99B}.Debug|Any CPU.Build.0 = Debug|Any CPU
		{DB912E86-3480-8464-70CE-C7F97B94F99B}.Release|Any CPU.ActiveCfg = Release|Any CPU
		{DB912E86-3480-8464-70CE-C7F97B94F99B}.Release|Any CPU.Build.0 = Release|Any CPU
		{A45440FF-1AF9-2A7D-5B78-7A05826B276A}.Debug|Any CPU.ActiveCfg = Debug|Any CPU
		{A45440FF-1AF9-2A7D-5B78-7A05826B276A}.Debug|Any CPU.Build.0 = Debug|Any CPU
		{A45440FF-1AF9-2A7D-5B78-7A05826B276A}.Release|Any CPU.ActiveCfg = Release|Any CPU
		{A45440FF-1AF9-2A7D-5B78-7A05826B276A}.Release|Any CPU.Build.0 = Release|Any CPU
		{32BB5B22-0BA6-FEA5-CD8C-8FFE1D648D72}.Debug|Any CPU.ActiveCfg = Debug|Any CPU
		{32BB5B22-0BA6-FEA5-CD8C-8FFE1D648D72}.Debug|Any CPU.Build.0 = Debug|Any CPU
		{32BB5B22-0BA6-FEA5-CD8C-8FFE1D648D72}.Release|Any CPU.ActiveCfg = Release|Any CPU
		{32BB5B22-0BA6-FEA5-CD8C-8FFE1D648D72}.Release|Any CPU.Build.0 = Release|Any CPU
		{13403A1C-13A2-F673-F9EC-E1739A6000E3}.Debug|Any CPU.ActiveCfg = Debug|Any CPU
		{13403A1C-13A2-F673-F9EC-E1739A6000E3}.Debug|Any CPU.Build.0 = Debug|Any CPU
		{13403A1C-13A2-F673-F9EC-E1739A6000E3}.Release|Any CPU.ActiveCfg = Release|Any CPU
		{13403A1C-13A2-F673-F9EC-E1739A6000E3}.Release|Any CPU.Build.0 = Release|Any CPU
		{54EE0DA8-83AD-EE5F-A234-118DF3F27E3D}.Debug|Any CPU.ActiveCfg = Debug|Any CPU
		{54EE0DA8-83AD-EE5F-A234-118DF3F27E3D}.Debug|Any CPU.Build.0 = Debug|Any CPU
		{54EE0DA8-83AD-EE5F-A234-118DF3F27E3D}.Release|Any CPU.ActiveCfg = Release|Any CPU
		{54EE0DA8-83AD-EE5F-A234-118DF3F27E3D}.Release|Any CPU.Build.0 = Release|Any CPU
		{3F629AC5-E0C6-CECA-0878-BFD9C4E7DC01}.Debug|Any CPU.ActiveCfg = Debug|Any CPU
		{3F629AC5-E0C6-CECA-0878-BFD9C4E7DC01}.Debug|Any CPU.Build.0 = Debug|Any CPU
		{3F629AC5-E0C6-CECA-0878-BFD9C4E7DC01}.Release|Any CPU.ActiveCfg = Release|Any CPU
		{3F629AC5-E0C6-CECA-0878-BFD9C4E7DC01}.Release|Any CPU.Build.0 = Release|Any CPU
		{73D1E9D7-016A-162A-84E1-98EDE841A848}.Debug|Any CPU.ActiveCfg = Debug|Any CPU
		{73D1E9D7-016A-162A-84E1-98EDE841A848}.Debug|Any CPU.Build.0 = Debug|Any CPU
		{73D1E9D7-016A-162A-84E1-98EDE841A848}.Release|Any CPU.ActiveCfg = Release|Any CPU
		{73D1E9D7-016A-162A-84E1-98EDE841A848}.Release|Any CPU.Build.0 = Release|Any CPU
		{5B744728-A65E-DA03-3763-E7A684C5E5FA}.Debug|Any CPU.ActiveCfg = Debug|Any CPU
		{5B744728-A65E-DA03-3763-E7A684C5E5FA}.Debug|Any CPU.Build.0 = Debug|Any CPU
		{5B744728-A65E-DA03-3763-E7A684C5E5FA}.Release|Any CPU.ActiveCfg = Release|Any CPU
		{5B744728-A65E-DA03-3763-E7A684C5E5FA}.Release|Any CPU.Build.0 = Release|Any CPU
		{D0089CDD-E479-22B2-0128-D7C4951016BD}.Debug|Any CPU.ActiveCfg = Debug|Any CPU
		{D0089CDD-E479-22B2-0128-D7C4951016BD}.Debug|Any CPU.Build.0 = Debug|Any CPU
		{D0089CDD-E479-22B2-0128-D7C4951016BD}.Release|Any CPU.ActiveCfg = Release|Any CPU
		{D0089CDD-E479-22B2-0128-D7C4951016BD}.Release|Any CPU.Build.0 = Release|Any CPU
		{1018E759-65F5-D55F-82F9-EE4EB42EEE92}.Debug|Any CPU.ActiveCfg = Debug|Any CPU
		{1018E759-65F5-D55F-82F9-EE4EB42EEE92}.Debug|Any CPU.Build.0 = Debug|Any CPU
		{1018E759-65F5-D55F-82F9-EE4EB42EEE92}.Release|Any CPU.ActiveCfg = Release|Any CPU
		{1018E759-65F5-D55F-82F9-EE4EB42EEE92}.Release|Any CPU.Build.0 = Release|Any CPU
		{9C551A28-ECA0-958F-7E72-8AE0E94A5ED4}.Debug|Any CPU.ActiveCfg = Debug|Any CPU
		{9C551A28-ECA0-958F-7E72-8AE0E94A5ED4}.Debug|Any CPU.Build.0 = Debug|Any CPU
		{9C551A28-ECA0-958F-7E72-8AE0E94A5ED4}.Release|Any CPU.ActiveCfg = Release|Any CPU
		{9C551A28-ECA0-958F-7E72-8AE0E94A5ED4}.Release|Any CPU.Build.0 = Release|Any CPU
		{5370FD8D-FB0F-A828-80BC-7AEBDD7FCCE3}.Debug|Any CPU.ActiveCfg = Debug|Any CPU
		{5370FD8D-FB0F-A828-80BC-7AEBDD7FCCE3}.Debug|Any CPU.Build.0 = Debug|Any CPU
		{5370FD8D-FB0F-A828-80BC-7AEBDD7FCCE3}.Release|Any CPU.ActiveCfg = Release|Any CPU
		{5370FD8D-FB0F-A828-80BC-7AEBDD7FCCE3}.Release|Any CPU.Build.0 = Release|Any CPU
		{7ABF7119-6866-4458-5E74-6E5A4213676A}.Debug|Any CPU.ActiveCfg = Debug|Any CPU
		{7ABF7119-6866-4458-5E74-6E5A4213676A}.Debug|Any CPU.Build.0 = Debug|Any CPU
		{7ABF7119-6866-4458-5E74-6E5A4213676A}.Release|Any CPU.ActiveCfg = Release|Any CPU
		{7ABF7119-6866-4458-5E74-6E5A4213676A}.Release|Any CPU.Build.0 = Release|Any CPU
		{0C6D1E95-8DBC-5621-F0D0-88D6F8E027F5}.Debug|Any CPU.ActiveCfg = Debug|Any CPU
		{0C6D1E95-8DBC-5621-F0D0-88D6F8E027F5}.Debug|Any CPU.Build.0 = Debug|Any CPU
		{0C6D1E95-8DBC-5621-F0D0-88D6F8E027F5}.Release|Any CPU.ActiveCfg = Release|Any CPU
		{0C6D1E95-8DBC-5621-F0D0-88D6F8E027F5}.Release|Any CPU.Build.0 = Release|Any CPU
		{BC7E6E36-1013-EED0-17F8-261F04EBFD53}.Debug|Any CPU.ActiveCfg = Debug|Any CPU
		{BC7E6E36-1013-EED0-17F8-261F04EBFD53}.Debug|Any CPU.Build.0 = Debug|Any CPU
		{BC7E6E36-1013-EED0-17F8-261F04EBFD53}.Release|Any CPU.ActiveCfg = Release|Any CPU
		{BC7E6E36-1013-EED0-17F8-261F04EBFD53}.Release|Any CPU.Build.0 = Release|Any CPU
		{E832230B-FE64-2999-DE2C-5FC28CA16095}.Debug|Any CPU.ActiveCfg = Debug|Any CPU
		{E832230B-FE64-2999-DE2C-5FC28CA16095}.Debug|Any CPU.Build.0 = Debug|Any CPU
		{E832230B-FE64-2999-DE2C-5FC28CA16095}.Release|Any CPU.ActiveCfg = Release|Any CPU
		{E832230B-FE64-2999-DE2C-5FC28CA16095}.Release|Any CPU.Build.0 = Release|Any CPU
		{6830CABE-7DF2-4D35-3594-62820B6F8CDD}.Debug|Any CPU.ActiveCfg = Debug|Any CPU
		{6830CABE-7DF2-4D35-3594-62820B6F8CDD}.Debug|Any CPU.Build.0 = Debug|Any CPU
		{6830CABE-7DF2-4D35-3594-62820B6F8CDD}.Release|Any CPU.ActiveCfg = Release|Any CPU
		{6830CABE-7DF2-4D35-3594-62820B6F8CDD}.Release|Any CPU.Build.0 = Release|Any CPU
		{15F07A0A-B3B1-B3D7-1815-B2317900D96B}.Debug|Any CPU.ActiveCfg = Debug|Any CPU
		{15F07A0A-B3B1-B3D7-1815-B2317900D96B}.Debug|Any CPU.Build.0 = Debug|Any CPU
		{15F07A0A-B3B1-B3D7-1815-B2317900D96B}.Release|Any CPU.ActiveCfg = Release|Any CPU
		{15F07A0A-B3B1-B3D7-1815-B2317900D96B}.Release|Any CPU.Build.0 = Release|Any CPU
		{D58C4B6D-857B-3739-DA58-7BBD1BD6CCCC}.Debug|Any CPU.ActiveCfg = Debug|Any CPU
		{D58C4B6D-857B-3739-DA58-7BBD1BD6CCCC}.Debug|Any CPU.Build.0 = Debug|Any CPU
		{D58C4B6D-857B-3739-DA58-7BBD1BD6CCCC}.Release|Any CPU.ActiveCfg = Release|Any CPU
		{D58C4B6D-857B-3739-DA58-7BBD1BD6CCCC}.Release|Any CPU.Build.0 = Release|Any CPU
		{30CC773C-92EC-34F3-84EF-482A772BE4BB}.Debug|Any CPU.ActiveCfg = Debug|Any CPU
		{30CC773C-92EC-34F3-84EF-482A772BE4BB}.Debug|Any CPU.Build.0 = Debug|Any CPU
		{30CC773C-92EC-34F3-84EF-482A772BE4BB}.Release|Any CPU.ActiveCfg = Release|Any CPU
		{30CC773C-92EC-34F3-84EF-482A772BE4BB}.Release|Any CPU.Build.0 = Release|Any CPU
		{047E3C26-3BD7-3FE5-BF8E-83405CC175DC}.Debug|Any CPU.ActiveCfg = Debug|Any CPU
		{047E3C26-3BD7-3FE5-BF8E-83405CC175DC}.Debug|Any CPU.Build.0 = Debug|Any CPU
		{047E3C26-3BD7-3FE5-BF8E-83405CC175DC}.Release|Any CPU.ActiveCfg = Release|Any CPU
		{047E3C26-3BD7-3FE5-BF8E-83405CC175DC}.Release|Any CPU.Build.0 = Release|Any CPU
		{F0FBAFA0-402B-3D0D-C126-F9DCC8E54A5D}.Debug|Any CPU.ActiveCfg = Debug|Any CPU
		{F0FBAFA0-402B-3D0D-C126-F9DCC8E54A5D}.Debug|Any CPU.Build.0 = Debug|Any CPU
		{F0FBAFA0-402B-3D0D-C126-F9DCC8E54A5D}.Release|Any CPU.ActiveCfg = Release|Any CPU
		{F0FBAFA0-402B-3D0D-C126-F9DCC8E54A5D}.Release|Any CPU.Build.0 = Release|Any CPU
		{EB732A8D-6D8B-0F77-1D92-EB2E32C03750}.Debug|Any CPU.ActiveCfg = Debug|Any CPU
		{EB732A8D-6D8B-0F77-1D92-EB2E32C03750}.Debug|Any CPU.Build.0 = Debug|Any CPU
		{EB732A8D-6D8B-0F77-1D92-EB2E32C03750}.Release|Any CPU.ActiveCfg = Release|Any CPU
		{EB732A8D-6D8B-0F77-1D92-EB2E32C03750}.Release|Any CPU.Build.0 = Release|Any CPU
	EndGlobalSection
	GlobalSection(SolutionProperties) = preSolution
		HideSolutionNode = FALSE
	EndGlobalSection
EndGlobal
